
Microsoft Visual Studio Solution File, Format Version 12.00
# Visual Studio Version 16
VisualStudioVersion = 16.0.29123.88
MinimumVisualStudioVersion = 10.0.40219.1
Project("{FAE04EC0-301F-11D3-BF4B-00C04F79EFBC}") = "HelloWorld", "HelloWorld.csproj", "{AE7FBBD2-86CA-4218-99FD-5069D8227764}"
EndProject
Global
	GlobalSection(SolutionConfigurationPlatforms) = preSolution
		Debug|Any CPU = Debug|Any CPU
		Release|Any CPU = Release|Any CPU
	EndGlobalSection
	GlobalSection(ProjectConfigurationPlatforms) = postSolution
		{AE7FBBD2-86CA-4218-99FD-5069D8227764}.Debug|Any CPU.ActiveCfg = Debug|Any CPU
		{AE7FBBD2-86CA-4218-99FD-5069D8227764}.Debug|Any CPU.Build.0 = Debug|Any CPU
		{AE7FBBD2-86CA-4218-99FD-5069D8227764}.Release|Any CPU.ActiveCfg = Release|Any CPU
		{AE7FBBD2-86CA-4218-99FD-5069D8227764}.Release|Any CPU.Build.0 = Release|Any CPU
	EndGlobalSection
	GlobalSection(SolutionProperties) = preSolution
		HideSolutionNode = FALSE
	EndGlobalSection
	GlobalSection(ExtensibilityGlobals) = postSolution
		SolutionGuid = {099CD5C8-0771-468E-974B-1A727A91A51B}
	EndGlobalSection
EndGlobal
